
Microsoft Visual Studio Solution File, Format Version 12.00
# Visual Studio 15
VisualStudioVersion = 15.0.27130.2010
MinimumVisualStudioVersion = 10.0.40219.1
Project("{FAE04EC0-301F-11D3-BF4B-00C04F79EFBC}") = "TrainingGitHub", "TrainingGitHub\TrainingGitHub.csproj", "{D2FA86F6-AB1C-4EF5-A2FB-025DBC303D08}"
EndProject
Global
	GlobalSection(SolutionConfigurationPlatforms) = preSolution
		Debug|Any CPU = Debug|Any CPU
		Release|Any CPU = Release|Any CPU
	EndGlobalSection
	GlobalSection(ProjectConfigurationPlatforms) = postSolution
		{D2FA86F6-AB1C-4EF5-A2FB-025DBC303D08}.Debug|Any CPU.ActiveCfg = Debug|Any CPU
		{D2FA86F6-AB1C-4EF5-A2FB-025DBC303D08}.Debug|Any CPU.Build.0 = Debug|Any CPU
		{D2FA86F6-AB1C-4EF5-A2FB-025DBC303D08}.Release|Any CPU.ActiveCfg = Release|Any CPU
		{D2FA86F6-AB1C-4EF5-A2FB-025DBC303D08}.Release|Any CPU.Build.0 = Release|Any CPU
	EndGlobalSection
	GlobalSection(SolutionProperties) = preSolution
		HideSolutionNode = FALSE
	EndGlobalSection
	GlobalSection(ExtensibilityGlobals) = postSolution
		SolutionGuid = {2FBB2728-CC4A-4758-9AF7-FCF294A172C1}
	EndGlobalSection
EndGlobal
